%{"cowboy": {:hex, :cowboy, "1.0.0"},
  "cowlib": {:hex, :cowlib, "1.0.1"},
  "csvlixir": {:hex, :csvlixir, "1.0.0"},
  "decimal": {:hex, :decimal, "1.1.0"},
  "ecto": {:hex, :ecto, "0.9.0"},
  "ex_form": {:git, "git://github.com/smpallen99/ex_form.git", "6d08d449b112f89e48279daeca74b2b42a16fdda", []},
  "exactor": {:hex, :exactor, "1.0.0"},
  "factory_girl_elixir": {:hex, :factory_girl_elixir, "0.1.1"},
  "inflex": {:hex, :inflex, "1.0.0"},
  "mariaex": {:git, "git://github.com/xerions/mariaex.git", "a4f584b55b80770c7c8bbee2b74123e58dd7f7a1", []},
  "meck": {:hex, :meck, "0.8.2"},
  "pavlov": {:hex, :pavlov, "0.1.2"},
  "phoenix": {:git, "git://github.com/smpallen99/phoenix.git", "5d558b2b843c74543f1c2c67dd03c8b363454462", [branch: "v10_warnings_fix"]},
  "phoenix_ecto": {:hex, :phoenix_ecto, "0.1.0"},
  "plug": {:hex, :plug, "0.11.3"},
  "poison": {:hex, :poison, "1.4.0"},
  "poolboy": {:hex, :poolboy, "1.4.2"},
  "ranch": {:hex, :ranch, "1.0.0"},
  "sass_elixir": {:hex, :sass_elixir, "0.0.1"},
  "scrivener": {:hex, :scrivener, "0.4.0"},
  "xain": {:git, "git://github.com/smpallen99/xain.git", "22464bc36d0227dd104d1a44437f53c6cd029950", []}}
